
Microsoft Visual Studio Solution File, Format Version 12.00
# Visual Studio Version 17
VisualStudioVersion = 17.11.35312.102
MinimumVisualStudioVersion = 10.0.40219.1
Project("{2150E333-8FDC-42A3-9474-1A3956D46DE8}") = "Solution Items", "Solution Items", "{1F91979B-6EFF-4726-842B-B72A8B56D135}"
	ProjectSection(SolutionItems) = preProject
		pack.nuspec = pack.nuspec
		README.md = README.md
	EndProjectSection
EndProject
Project("{2150E333-8FDC-42A3-9474-1A3956D46DE8}") = "workflows", "workflows", "{808DA828-04AB-4B46-B18A-01E9399EEDA7}"
	ProjectSection(SolutionItems) = preProject
		.github\workflows\publish.yml = .github\workflows\publish.yml
	EndProjectSection
EndProject
Project("{9A19103F-16F7-4668-BE54-9A1E7A4F7556}") = "CommonServiceLocator.NinjectAdapter.Extension", "CommonServiceLocator.NinjectAdapter.Extension\CommonServiceLocator.NinjectAdapter.Extension.csproj", "{1B0AB500-CBE8-4484-9721-D297970963FA}"
EndProject
Project("{9A19103F-16F7-4668-BE54-9A1E7A4F7556}") = "UT.CommonServiceLocator.NinjectAdapter.Extension.NETCore3.0", "UT.CommonServiceLocator.NinjectAdapter.Core3.0\UT.CommonServiceLocator.NinjectAdapter.Extension.NETCore3.0.csproj", "{3072E788-4DED-4347-A07F-C199FEB56F55}"
EndProject
Project("{9A19103F-16F7-4668-BE54-9A1E7A4F7556}") = "UT.CommonServiceLocator.NinjectAdapter.Extension.NET47", "UT.CommonServiceLocator.NinjectAdapter.Extension.NET47\UT.CommonServiceLocator.NinjectAdapter.Extension.NET47.csproj", "{AD2192D9-FD16-47D9-B445-93DFB5FFC36A}"
EndProject
Project("{9A19103F-16F7-4668-BE54-9A1E7A4F7556}") = "UT.CommonServiceLocator.NinjectAdapter.Extension.Net8.0", "UT.CommonServiceLocator.NinjectAdapter.Extension.Net8.0\UT.CommonServiceLocator.NinjectAdapter.Extension.Net8.0.csproj", "{5046828B-5661-4AD6-BC77-BF296A2486EE}"
EndProject
Global
	GlobalSection(SolutionConfigurationPlatforms) = preSolution
		Debug|Any CPU = Debug|Any CPU
		Release|Any CPU = Release|Any CPU
	EndGlobalSection
	GlobalSection(ProjectConfigurationPlatforms) = postSolution
		{1B0AB500-CBE8-4484-9721-D297970963FA}.Debug|Any CPU.ActiveCfg = Debug|Any CPU
		{1B0AB500-CBE8-4484-9721-D297970963FA}.Debug|Any CPU.Build.0 = Debug|Any CPU
		{1B0AB500-CBE8-4484-9721-D297970963FA}.Release|Any CPU.ActiveCfg = Release|Any CPU
		{1B0AB500-CBE8-4484-9721-D297970963FA}.Release|Any CPU.Build.0 = Release|Any CPU
		{3072E788-4DED-4347-A07F-C199FEB56F55}.Debug|Any CPU.ActiveCfg = Debug|Any CPU
		{3072E788-4DED-4347-A07F-C199FEB56F55}.Debug|Any CPU.Build.0 = Debug|Any CPU
		{3072E788-4DED-4347-A07F-C199FEB56F55}.Release|Any CPU.ActiveCfg = Release|Any CPU
		{3072E788-4DED-4347-A07F-C199FEB56F55}.Release|Any CPU.Build.0 = Release|Any CPU
		{AD2192D9-FD16-47D9-B445-93DFB5FFC36A}.Debug|Any CPU.ActiveCfg = Debug|Any CPU
		{AD2192D9-FD16-47D9-B445-93DFB5FFC36A}.Debug|Any CPU.Build.0 = Debug|Any CPU
		{AD2192D9-FD16-47D9-B445-93DFB5FFC36A}.Release|Any CPU.ActiveCfg = Release|Any CPU
		{AD2192D9-FD16-47D9-B445-93DFB5FFC36A}.Release|Any CPU.Build.0 = Release|Any CPU
		{5046828B-5661-4AD6-BC77-BF296A2486EE}.Debug|Any CPU.ActiveCfg = Debug|Any CPU
		{5046828B-5661-4AD6-BC77-BF296A2486EE}.Debug|Any CPU.Build.0 = Debug|Any CPU
		{5046828B-5661-4AD6-BC77-BF296A2486EE}.Release|Any CPU.ActiveCfg = Release|Any CPU
		{5046828B-5661-4AD6-BC77-BF296A2486EE}.Release|Any CPU.Build.0 = Release|Any CPU
	EndGlobalSection
	GlobalSection(SolutionProperties) = preSolution
		HideSolutionNode = FALSE
	EndGlobalSection
	GlobalSection(NestedProjects) = preSolution
		{808DA828-04AB-4B46-B18A-01E9399EEDA7} = {1F91979B-6EFF-4726-842B-B72A8B56D135}
	EndGlobalSection
	GlobalSection(ExtensibilityGlobals) = postSolution
		SolutionGuid = {8EE74894-2879-4F3E-934E-93404387B56D}
	EndGlobalSection
EndGlobal
